
Microsoft Visual Studio Solution File, Format Version 12.00
# Visual Studio 14
VisualStudioVersion = 14.0.25123.0
MinimumVisualStudioVersion = 10.0.40219.1
Project("{FAE04EC0-301F-11D3-BF4B-00C04F79EFBC}") = "NetworkRouting", "NetworkRouting\NetworkRouting.csproj", "{27E0BB03-E219-4CF1-BCBE-6A9E3F276CED}"
EndProject
Project("{FAE04EC0-301F-11D3-BF4B-00C04F79EFBC}") = "RoutingUtils", "RoutingUtils\RoutingUtils.csproj", "{95D4E61F-D8EC-42DC-AAFF-B7E71A840925}"
EndProject
Project("{FAE04EC0-301F-11D3-BF4B-00C04F79EFBC}") = "Tests", "Tests\Tests.csproj", "{4A8198EC-3CFD-4D1E-BC54-82B6FED1008D}"
EndProject
Project("{FAE04EC0-301F-11D3-BF4B-00C04F79EFBC}") = "CoreDht.Utils", "CoreDht.Utils\CoreDht.Utils.csproj", "{32FB8972-5E48-4719-89FE-65105B4CD847}"
EndProject
Project("{FAE04EC0-301F-11D3-BF4B-00C04F79EFBC}") = "CoreDht.Node", "CoreDht.Node\CoreDht.Node.csproj", "{9BD191ED-E293-4012-9FC5-035ADE4178D1}"
EndProject
Global
	GlobalSection(SolutionConfigurationPlatforms) = preSolution
		Debug|Any CPU = Debug|Any CPU
		Release|Any CPU = Release|Any CPU
	EndGlobalSection
	GlobalSection(ProjectConfigurationPlatforms) = postSolution
		{27E0BB03-E219-4CF1-BCBE-6A9E3F276CED}.Debug|Any CPU.ActiveCfg = Debug|Any CPU
		{27E0BB03-E219-4CF1-BCBE-6A9E3F276CED}.Debug|Any CPU.Build.0 = Debug|Any CPU
		{27E0BB03-E219-4CF1-BCBE-6A9E3F276CED}.Release|Any CPU.ActiveCfg = Release|Any CPU
		{27E0BB03-E219-4CF1-BCBE-6A9E3F276CED}.Release|Any CPU.Build.0 = Release|Any CPU
		{95D4E61F-D8EC-42DC-AAFF-B7E71A840925}.Debug|Any CPU.ActiveCfg = Debug|Any CPU
		{95D4E61F-D8EC-42DC-AAFF-B7E71A840925}.Debug|Any CPU.Build.0 = Debug|Any CPU
		{95D4E61F-D8EC-42DC-AAFF-B7E71A840925}.Release|Any CPU.ActiveCfg = Release|Any CPU
		{95D4E61F-D8EC-42DC-AAFF-B7E71A840925}.Release|Any CPU.Build.0 = Release|Any CPU
		{4A8198EC-3CFD-4D1E-BC54-82B6FED1008D}.Debug|Any CPU.ActiveCfg = Debug|Any CPU
		{4A8198EC-3CFD-4D1E-BC54-82B6FED1008D}.Debug|Any CPU.Build.0 = Debug|Any CPU
		{4A8198EC-3CFD-4D1E-BC54-82B6FED1008D}.Release|Any CPU.ActiveCfg = Release|Any CPU
		{4A8198EC-3CFD-4D1E-BC54-82B6FED1008D}.Release|Any CPU.Build.0 = Release|Any CPU
		{32FB8972-5E48-4719-89FE-65105B4CD847}.Debug|Any CPU.ActiveCfg = Debug|Any CPU
		{32FB8972-5E48-4719-89FE-65105B4CD847}.Debug|Any CPU.Build.0 = Debug|Any CPU
		{32FB8972-5E48-4719-89FE-65105B4CD847}.Release|Any CPU.ActiveCfg = Release|Any CPU
		{32FB8972-5E48-4719-89FE-65105B4CD847}.Release|Any CPU.Build.0 = Release|Any CPU
		{9BD191ED-E293-4012-9FC5-035ADE4178D1}.Debug|Any CPU.ActiveCfg = Debug|Any CPU
		{9BD191ED-E293-4012-9FC5-035ADE4178D1}.Debug|Any CPU.Build.0 = Debug|Any CPU
		{9BD191ED-E293-4012-9FC5-035ADE4178D1}.Release|Any CPU.ActiveCfg = Release|Any CPU
		{9BD191ED-E293-4012-9FC5-035ADE4178D1}.Release|Any CPU.Build.0 = Release|Any CPU
	EndGlobalSection
	GlobalSection(SolutionProperties) = preSolution
		HideSolutionNode = FALSE
	EndGlobalSection
EndGlobal
